
Microsoft Visual Studio Solution File, Format Version 12.00
# Visual Studio 15
VisualStudioVersion = 15.0.28307.421
MinimumVisualStudioVersion = 10.0.40219.1
Project("{FAE04EC0-301F-11D3-BF4B-00C04F79EFBC}") = "Laba1", "Laba1\Laba1.csproj", "{D823EFD1-F91E-4CC9-AD03-E4B1B05D3D9C}"
EndProject
Global
	GlobalSection(SolutionConfigurationPlatforms) = preSolution
		Debug|Any CPU = Debug|Any CPU
		Release|Any CPU = Release|Any CPU
	EndGlobalSection
	GlobalSection(ProjectConfigurationPlatforms) = postSolution
		{D823EFD1-F91E-4CC9-AD03-E4B1B05D3D9C}.Debug|Any CPU.ActiveCfg = Debug|Any CPU
		{D823EFD1-F91E-4CC9-AD03-E4B1B05D3D9C}.Debug|Any CPU.Build.0 = Debug|Any CPU
		{D823EFD1-F91E-4CC9-AD03-E4B1B05D3D9C}.Release|Any CPU.ActiveCfg = Release|Any CPU
		{D823EFD1-F91E-4CC9-AD03-E4B1B05D3D9C}.Release|Any CPU.Build.0 = Release|Any CPU
	EndGlobalSection
	GlobalSection(SolutionProperties) = preSolution
		HideSolutionNode = FALSE
	EndGlobalSection
	GlobalSection(ExtensibilityGlobals) = postSolution
		SolutionGuid = {BCDEA20E-1B34-452A-A52A-851CB010A540}
	EndGlobalSection
EndGlobal
